
Microsoft Visual Studio Solution File, Format Version 12.00
# Visual Studio Version 16
VisualStudioVersion = 16.0.33927.289
MinimumVisualStudioVersion = 10.0.40219.1
Project("{2150E333-8FDC-42A3-9474-1A3956D46DE8}") = "Task0", "Task0", "{0F2C2265-4D12-47F4-A7E1-8B37BED38329}"
EndProject
Project("{FAE04EC0-301F-11D3-BF4B-00C04F79EFBC}") = "Tyuiu.KoevaSJ.Sprint0.Task0.V0", "Tyuiu.KoevaSJ.Sprint0.Task0.V0\Tyuiu.KoevaSJ.Sprint0.Task0.V0.csproj", "{DAD49295-1AEC-434D-A2DF-B615FC1A1FD0}"
EndProject
Project("{2150E333-8FDC-42A3-9474-1A3956D46DE8}") = "Task1", "Task1", "{7F331196-9DCA-41C8-B7DB-AF08172E513B}"
EndProject
Project("{FAE04EC0-301F-11D3-BF4B-00C04F79EFBC}") = "Tyuiu.KoevaSJ.Sprint0.Task1.V0", "Tyuiu.KoevaSJ.Sprint0.Task1.V0\Tyuiu.KoevaSJ.Sprint0.Task1.V0.csproj", "{38FF3301-C2F8-487C-AD6B-C9E2AD0E8983}"
EndProject
Project("{2150E333-8FDC-42A3-9474-1A3956D46DE8}") = "Task2", "Task2", "{7A342CE3-B6E4-41BE-B354-37439619C988}"
EndProject
Project("{FAE04EC0-301F-11D3-BF4B-00C04F79EFBC}") = "Tyuiu.KoevaSJ.Sprint0.Task2.V0", "Tyuiu.KoevaSJ.Sprint0.Task2.V0\Tyuiu.KoevaSJ.Sprint0.Task2.V0.csproj", "{AFB962B3-2178-41DB-B66F-02CAE3B752F0}"
EndProject
Project("{FAE04EC0-301F-11D3-BF4B-00C04F79EFBC}") = "Tyuiu.KoevaSJ.Sprint0.Task2.V0.Lib", "Tyuiu.KoevaSJ.Sprint0.Task2.V0.Lib\Tyuiu.KoevaSJ.Sprint0.Task2.V0.Lib.csproj", "{191A47EF-B822-40D1-BC83-768254294281}"
EndProject
Project("{FAE04EC0-301F-11D3-BF4B-00C04F79EFBC}") = "Tyuiu.KoevaSJ.Sprint0.Task2.V0.Test", "Tyuiu.KoevaSJ.Sprint0.Task2.V0.Test\Tyuiu.KoevaSJ.Sprint0.Task2.V0.Test.csproj", "{3C645EE1-0B9C-4C48-9BE9-2E443291434B}"
EndProject
Project("{2150E333-8FDC-42A3-9474-1A3956D46DE8}") = "Task3", "Task3", "{8B868D35-97DD-4126-831E-A8DAFCB36133}"
EndProject
Project("{FAE04EC0-301F-11D3-BF4B-00C04F79EFBC}") = "Tyuiu.KoevaSJ.Sprint0.Task3.V0", "Tyuiu.KoevaSJ.Sprint0.Task3.V0\Tyuiu.KoevaSJ.Sprint0.Task3.V0.csproj", "{C78D432B-9FE8-4C4B-BD1E-4056DB3DB483}"
EndProject
Project("{FAE04EC0-301F-11D3-BF4B-00C04F79EFBC}") = "Tyuiu.KoevaSJ.Sprint0.Task3.V0.Lib", "Tyuiu.KoevaSJ.Sprint0.Task3.V0.Lib\Tyuiu.KoevaSJ.Sprint0.Task3.V0.Lib.csproj", "{02ACC72D-B15C-41F7-966C-EBE942B3E867}"
EndProject
Project("{FAE04EC0-301F-11D3-BF4B-00C04F79EFBC}") = "Tyuiu.KoevaSJ.Sprint0.Task3.V0.Test", "Tyuiu.KoevaSJ.Sprint0.Task3.V0.Test\Tyuiu.KoevaSJ.Sprint0.Task3.V0.Test.csproj", "{7F6687D7-D1BC-41C8-A18F-8BD0B496521C}"
EndProject
Project("{2150E333-8FDC-42A3-9474-1A3956D46DE8}") = "Task4", "Task4", "{4E7225B2-6F66-450C-A207-0FEA1E4D5896}"
EndProject
Project("{FAE04EC0-301F-11D3-BF4B-00C04F79EFBC}") = "Tyuiu.KoevaSJ.Sprint0.Task4.V0.Test", "Tyuiu.KoevaSJ.Sprint0.Task4V0.Test\Tyuiu.KoevaSJ.Sprint0.Task4.V0.Test.csproj", "{CF9F7E59-1C49-4A18-87BD-F5ECE6B3EDD2}"
EndProject
Project("{FAE04EC0-301F-11D3-BF4B-00C04F79EFBC}") = "Tyuiu.KoevaSJ.Sprint0.Task4.V0", "Tyuiu.KoevaSJ.Sprint0.Task4.V0\Tyuiu.KoevaSJ.Sprint0.Task4.V0.csproj", "{30380E26-D945-4836-8A7A-24936E72C5AF}"
EndProject
Project("{FAE04EC0-301F-11D3-BF4B-00C04F79EFBC}") = "Tyuiu.KoevaSJ.Sprint0.Task4.V0.Lib", "Tyuiu.KoevaSJ.Sprint0.Task4.V0.Lib\Tyuiu.KoevaSJ.Sprint0.Task4.V0.Lib.csproj", "{2BFEF84C-76E3-4EE1-A7D6-66CDBDF0F2A5}"
EndProject
Project("{2150E333-8FDC-42A3-9474-1A3956D46DE8}") = "Task5", "Task5", "{56271368-0F58-441B-955F-4F84886D9C7C}"
EndProject
Project("{FAE04EC0-301F-11D3-BF4B-00C04F79EFBC}") = "Tyuiu.KoevaSJ.Sprint0.Task5.V0.Lib", "Tyuiu.KoevaSJ.Sprint0.Task5.V0.Lib\Tyuiu.KoevaSJ.Sprint0.Task5.V0.Lib.csproj", "{6E0DA598-55EF-4FF1-983E-F792FA80A978}"
EndProject
Project("{FAE04EC0-301F-11D3-BF4B-00C04F79EFBC}") = "Tyuiu.KoevaSJ.Sprint0.Task5.V0", "Tyuiu.KoevaSJ.Sprint0.Task5.V0\Tyuiu.KoevaSJ.Sprint0.Task5.V0.csproj", "{97CB6A6F-14E5-4F46-AA35-25DC7774E759}"
EndProject
Project("{FAE04EC0-301F-11D3-BF4B-00C04F79EFBC}") = "Tyuiu.KoevaSJ.Sprint0.Task5.V0.Test", "Tyuiu.KoevaSJ.Sprint0.Task5.V0.Test\Tyuiu.KoevaSJ.Sprint0.Task5.V0.Test.csproj", "{E2718C30-914E-4705-A24A-01C6757A5DA9}"
EndProject
Global
	GlobalSection(SolutionConfigurationPlatforms) = preSolution
		Debug|Any CPU = Debug|Any CPU
		Release|Any CPU = Release|Any CPU
	EndGlobalSection
	GlobalSection(ProjectConfigurationPlatforms) = postSolution
		{DAD49295-1AEC-434D-A2DF-B615FC1A1FD0}.Debug|Any CPU.ActiveCfg = Debug|Any CPU
		{DAD49295-1AEC-434D-A2DF-B615FC1A1FD0}.Debug|Any CPU.Build.0 = Debug|Any CPU
		{DAD49295-1AEC-434D-A2DF-B615FC1A1FD0}.Release|Any CPU.ActiveCfg = Release|Any CPU
		{DAD49295-1AEC-434D-A2DF-B615FC1A1FD0}.Release|Any CPU.Build.0 = Release|Any CPU
		{38FF3301-C2F8-487C-AD6B-C9E2AD0E8983}.Debug|Any CPU.ActiveCfg = Debug|Any CPU
		{38FF3301-C2F8-487C-AD6B-C9E2AD0E8983}.Debug|Any CPU.Build.0 = Debug|Any CPU
		{38FF3301-C2F8-487C-AD6B-C9E2AD0E8983}.Release|Any CPU.ActiveCfg = Release|Any CPU
		{38FF3301-C2F8-487C-AD6B-C9E2AD0E8983}.Release|Any CPU.Build.0 = Release|Any CPU
		{AFB962B3-2178-41DB-B66F-02CAE3B752F0}.Debug|Any CPU.ActiveCfg = Debug|Any CPU
		{AFB962B3-2178-41DB-B66F-02CAE3B752F0}.Debug|Any CPU.Build.0 = Debug|Any CPU
		{AFB962B3-2178-41DB-B66F-02CAE3B752F0}.Release|Any CPU.ActiveCfg = Release|Any CPU
		{AFB962B3-2178-41DB-B66F-02CAE3B752F0}.Release|Any CPU.Build.0 = Release|Any CPU
		{191A47EF-B822-40D1-BC83-768254294281}.Debug|Any CPU.ActiveCfg = Debug|Any CPU
		{191A47EF-B822-40D1-BC83-768254294281}.Debug|Any CPU.Build.0 = Debug|Any CPU
		{191A47EF-B822-40D1-BC83-768254294281}.Release|Any CPU.ActiveCfg = Release|Any CPU
		{191A47EF-B822-40D1-BC83-768254294281}.Release|Any CPU.Build.0 = Release|Any CPU
		{3C645EE1-0B9C-4C48-9BE9-2E443291434B}.Debug|Any CPU.ActiveCfg = Debug|Any CPU
		{3C645EE1-0B9C-4C48-9BE9-2E443291434B}.Debug|Any CPU.Build.0 = Debug|Any CPU
		{3C645EE1-0B9C-4C48-9BE9-2E443291434B}.Release|Any CPU.ActiveCfg = Release|Any CPU
		{3C645EE1-0B9C-4C48-9BE9-2E443291434B}.Release|Any CPU.Build.0 = Release|Any CPU
		{C78D432B-9FE8-4C4B-BD1E-4056DB3DB483}.Debug|Any CPU.ActiveCfg = Debug|Any CPU
		{C78D432B-9FE8-4C4B-BD1E-4056DB3DB483}.Debug|Any CPU.Build.0 = Debug|Any CPU
		{C78D432B-9FE8-4C4B-BD1E-4056DB3DB483}.Release|Any CPU.ActiveCfg = Release|Any CPU
		{C78D432B-9FE8-4C4B-BD1E-4056DB3DB483}.Release|Any CPU.Build.0 = Release|Any CPU
		{02ACC72D-B15C-41F7-966C-EBE942B3E867}.Debug|Any CPU.ActiveCfg = Debug|Any CPU
		{02ACC72D-B15C-41F7-966C-EBE942B3E867}.Debug|Any CPU.Build.0 = Debug|Any CPU
		{02ACC72D-B15C-41F7-966C-EBE942B3E867}.Release|Any CPU.ActiveCfg = Release|Any CPU
		{02ACC72D-B15C-41F7-966C-EBE942B3E867}.Release|Any CPU.Build.0 = Release|Any CPU
		{7F6687D7-D1BC-41C8-A18F-8BD0B496521C}.Debug|Any CPU.ActiveCfg = Debug|Any CPU
		{7F6687D7-D1BC-41C8-A18F-8BD0B496521C}.Debug|Any CPU.Build.0 = Debug|Any CPU
		{7F6687D7-D1BC-41C8-A18F-8BD0B496521C}.Release|Any CPU.ActiveCfg = Release|Any CPU
		{7F6687D7-D1BC-41C8-A18F-8BD0B496521C}.Release|Any CPU.Build.0 = Release|Any CPU
		{CF9F7E59-1C49-4A18-87BD-F5ECE6B3EDD2}.Debug|Any CPU.ActiveCfg = Debug|Any CPU
		{CF9F7E59-1C49-4A18-87BD-F5ECE6B3EDD2}.Debug|Any CPU.Build.0 = Debug|Any CPU
		{CF9F7E59-1C49-4A18-87BD-F5ECE6B3EDD2}.Release|Any CPU.ActiveCfg = Release|Any CPU
		{CF9F7E59-1C49-4A18-87BD-F5ECE6B3EDD2}.Release|Any CPU.Build.0 = Release|Any CPU
		{30380E26-D945-4836-8A7A-24936E72C5AF}.Debug|Any CPU.ActiveCfg = Debug|Any CPU
		{30380E26-D945-4836-8A7A-24936E72C5AF}.Debug|Any CPU.Build.0 = Debug|Any CPU
		{30380E26-D945-4836-8A7A-24936E72C5AF}.Release|Any CPU.ActiveCfg = Release|Any CPU
		{30380E26-D945-4836-8A7A-24936E72C5AF}.Release|Any CPU.Build.0 = Release|Any CPU
		{2BFEF84C-76E3-4EE1-A7D6-66CDBDF0F2A5}.Debug|Any CPU.ActiveCfg = Debug|Any CPU
		{2BFEF84C-76E3-4EE1-A7D6-66CDBDF0F2A5}.Debug|Any CPU.Build.0 = Debug|Any CPU
		{2BFEF84C-76E3-4EE1-A7D6-66CDBDF0F2A5}.Release|Any CPU.ActiveCfg = Release|Any CPU
		{2BFEF84C-76E3-4EE1-A7D6-66CDBDF0F2A5}.Release|Any CPU.Build.0 = Release|Any CPU
		{6E0DA598-55EF-4FF1-983E-F792FA80A978}.Debug|Any CPU.ActiveCfg = Debug|Any CPU
		{6E0DA598-55EF-4FF1-983E-F792FA80A978}.Debug|Any CPU.Build.0 = Debug|Any CPU
		{6E0DA598-55EF-4FF1-983E-F792FA80A978}.Release|Any CPU.ActiveCfg = Release|Any CPU
		{6E0DA598-55EF-4FF1-983E-F792FA80A978}.Release|Any CPU.Build.0 = Release|Any CPU
		{97CB6A6F-14E5-4F46-AA35-25DC7774E759}.Debug|Any CPU.ActiveCfg = Debug|Any CPU
		{97CB6A6F-14E5-4F46-AA35-25DC7774E759}.Debug|Any CPU.Build.0 = Debug|Any CPU
		{97CB6A6F-14E5-4F46-AA35-25DC7774E759}.Release|Any CPU.ActiveCfg = Release|Any CPU
		{97CB6A6F-14E5-4F46-AA35-25DC7774E759}.Release|Any CPU.Build.0 = Release|Any CPU
		{E2718C30-914E-4705-A24A-01C6757A5DA9}.Debug|Any CPU.ActiveCfg = Debug|Any CPU
		{E2718C30-914E-4705-A24A-01C6757A5DA9}.Debug|Any CPU.Build.0 = Debug|Any CPU
		{E2718C30-914E-4705-A24A-01C6757A5DA9}.Release|Any CPU.ActiveCfg = Release|Any CPU
		{E2718C30-914E-4705-A24A-01C6757A5DA9}.Release|Any CPU.Build.0 = Release|Any CPU
	EndGlobalSection
	GlobalSection(SolutionProperties) = preSolution
		HideSolutionNode = FALSE
	EndGlobalSection
	GlobalSection(NestedProjects) = preSolution
		{DAD49295-1AEC-434D-A2DF-B615FC1A1FD0} = {0F2C2265-4D12-47F4-A7E1-8B37BED38329}
		{38FF3301-C2F8-487C-AD6B-C9E2AD0E8983} = {7F331196-9DCA-41C8-B7DB-AF08172E513B}
		{AFB962B3-2178-41DB-B66F-02CAE3B752F0} = {7A342CE3-B6E4-41BE-B354-37439619C988}
		{191A47EF-B822-40D1-BC83-768254294281} = {7A342CE3-B6E4-41BE-B354-37439619C988}
		{3C645EE1-0B9C-4C48-9BE9-2E443291434B} = {7A342CE3-B6E4-41BE-B354-37439619C988}
		{C78D432B-9FE8-4C4B-BD1E-4056DB3DB483} = {8B868D35-97DD-4126-831E-A8DAFCB36133}
		{02ACC72D-B15C-41F7-966C-EBE942B3E867} = {8B868D35-97DD-4126-831E-A8DAFCB36133}
		{7F6687D7-D1BC-41C8-A18F-8BD0B496521C} = {8B868D35-97DD-4126-831E-A8DAFCB36133}
		{CF9F7E59-1C49-4A18-87BD-F5ECE6B3EDD2} = {4E7225B2-6F66-450C-A207-0FEA1E4D5896}
		{30380E26-D945-4836-8A7A-24936E72C5AF} = {4E7225B2-6F66-450C-A207-0FEA1E4D5896}
		{2BFEF84C-76E3-4EE1-A7D6-66CDBDF0F2A5} = {4E7225B2-6F66-450C-A207-0FEA1E4D5896}
		{6E0DA598-55EF-4FF1-983E-F792FA80A978} = {56271368-0F58-441B-955F-4F84886D9C7C}
		{97CB6A6F-14E5-4F46-AA35-25DC7774E759} = {56271368-0F58-441B-955F-4F84886D9C7C}
		{E2718C30-914E-4705-A24A-01C6757A5DA9} = {56271368-0F58-441B-955F-4F84886D9C7C}
	EndGlobalSection
	GlobalSection(ExtensibilityGlobals) = postSolution
		SolutionGuid = {B85A983C-4448-453F-8720-855F320E4907}
	EndGlobalSection
EndGlobal
